{
    "nodes": {
        "jay": {
            "inputs": {
                "nixpkgs": [
                    "nixpkgs"
                ],
                "rust-overlay": "rust-overlay"
            },
            "locked": {
                "lastModified": 1786554695,
                "narHash": "sha256-5qY8zPgaVSKI138qiJQGmeogAIHKWk1FH1lOaBMozVI=",
                "owner": "mahkoh",
                "repo": "jay",
                "rev": "4229313acd47439e230f55904a7ff90bbe363f98",
                "type": "github"
            },
            "original": {
                "owner": "mahkoh",
                "repo": "jay",
                "type": "github"
            }
        },
        "nixpkgs": {
            "locked": {
                "lastModified": 1786384358,
                "narHash": "sha256-RzPPiWeUtuvymnpuEWsdtzli5w4kjZs49FqEs3/1u+I=",
                "owner": "nixos",
                "repo": "nixpkgs",
                "rev": "2fcb964de67fcf60b43471c55d5d99e61a9ccb5a",
                "type": "github"
            },
            "original": {
                "owner": "nixos",
                "ref": "nixos-unstable",
                "repo": "nixpkgs",
                "type": "github"
            }
        },
        "root": {
            "inputs": {
                "jay": "jay",
                "nixpkgs": "nixpkgs",
                "zen-browser": "zen-browser"
            }
        },
        "rust-overlay": {
            "inputs": {
                "nixpkgs": [
                    "jay",
                    "nixpkgs"
                ]
            },
            "locked": {
                "lastModified": 1786507911,
                "narHash": "sha256-w5aZRLbiu7H6TqsYXVMdRKg0S4DRaJpxyqxx86AwxVk=",
                "owner": "oxalica",
                "repo": "rust-overlay",
                "rev": "39db48099ad16834af7e27485a4babf9c28b3897",
                "type": "github"
            },
            "original": {
                "owner": "oxalica",
                "repo": "rust-overlay",
                "type": "github"
            }
        },
        "zen-browser": {
            "inputs": {
                "nixpkgs": [
                    "nixpkgs"
                ]
            },
            "locked": {
                "lastModified": 1786424696,
                "narHash": "sha256-cyMeyF4QCZF7YL5+ynYZMDIA2LChF3L51ZLP6BvJ1L4=",
                "owner": "youwen5",
                "repo": "zen-browser-flake",
                "rev": "64791844717b786a93dde8f76c8a35222e53cf53",
                "type": "github"
            },
            "original": {
                "owner": "youwen5",
                "repo": "zen-browser-flake",
                "type": "github"
            }
        }
    },
    "root": "root",
    "version": 7
}
